
Microsoft Visual Studio Solution File, Format Version 12.00
# Visual Studio Version 17
VisualStudioVersion = 17.5.33530.505
MinimumVisualStudioVersion = 10.0.40219.1
Project("{FAE04EC0-301F-11D3-BF4B-00C04F79EFBC}") = "TestCase", "TestCase\TestCase.csproj", "{C6016B21-BE76-4C4A-833D-DF69004F0792}"
EndProject
Project("{FAE04EC0-301F-11D3-BF4B-00C04F79EFBC}") = "DataAccessLayer", "DataAccessLayer\DataAccessLayer.csproj", "{72E5F4D9-4FA0-41A1-A1E5-40274FEE8BD4}"
EndProject
Project("{FAE04EC0-301F-11D3-BF4B-00C04F79EFBC}") = "Bussiness", "Bussiness\Bussiness.csproj", "{075EA4CF-C506-468B-89B0-2A665156524F}"
EndProject
Global
	GlobalSection(SolutionConfigurationPlatforms) = preSolution
		Debug|Any CPU = Debug|Any CPU
		Release|Any CPU = Release|Any CPU
	EndGlobalSection
	GlobalSection(ProjectConfigurationPlatforms) = postSolution
		{C6016B21-BE76-4C4A-833D-DF69004F0792}.Debug|Any CPU.ActiveCfg = Debug|Any CPU
		{C6016B21-BE76-4C4A-833D-DF69004F0792}.Debug|Any CPU.Build.0 = Debug|Any CPU
		{C6016B21-BE76-4C4A-833D-DF69004F0792}.Release|Any CPU.ActiveCfg = Release|Any CPU
		{C6016B21-BE76-4C4A-833D-DF69004F0792}.Release|Any CPU.Build.0 = Release|Any CPU
		{72E5F4D9-4FA0-41A1-A1E5-40274FEE8BD4}.Debug|Any CPU.ActiveCfg = Debug|Any CPU
		{72E5F4D9-4FA0-41A1-A1E5-40274FEE8BD4}.Debug|Any CPU.Build.0 = Debug|Any CPU
		{72E5F4D9-4FA0-41A1-A1E5-40274FEE8BD4}.Release|Any CPU.ActiveCfg = Release|Any CPU
		{72E5F4D9-4FA0-41A1-A1E5-40274FEE8BD4}.Release|Any CPU.Build.0 = Release|Any CPU
		{075EA4CF-C506-468B-89B0-2A665156524F}.Debug|Any CPU.ActiveCfg = Debug|Any CPU
		{075EA4CF-C506-468B-89B0-2A665156524F}.Debug|Any CPU.Build.0 = Debug|Any CPU
		{075EA4CF-C506-468B-89B0-2A665156524F}.Release|Any CPU.ActiveCfg = Release|Any CPU
		{075EA4CF-C506-468B-89B0-2A665156524F}.Release|Any CPU.Build.0 = Release|Any CPU
	EndGlobalSection
	GlobalSection(SolutionProperties) = preSolution
		HideSolutionNode = FALSE
	EndGlobalSection
	GlobalSection(ExtensibilityGlobals) = postSolution
		SolutionGuid = {7DBD001B-7592-4CB1-948C-A692464F83E6}
	EndGlobalSection
EndGlobal
